
Microsoft Visual Studio Solution File, Format Version 12.00
# Visual Studio 15
VisualStudioVersion = 15.0.27703.2035
MinimumVisualStudioVersion = 10.0.40219.1
Project("{FAE04EC0-301F-11D3-BF4B-00C04F79EFBC}") = "Carubbi.Datatables", "Carubbi.Datatables\Carubbi.Datatables.csproj", "{CF390C5B-809E-4577-B08F-185E20653069}"
EndProject
Global
	GlobalSection(SolutionConfigurationPlatforms) = preSolution
		Debug|Any CPU = Debug|Any CPU
		Release|Any CPU = Release|Any CPU
	EndGlobalSection
	GlobalSection(ProjectConfigurationPlatforms) = postSolution
		{CF390C5B-809E-4577-B08F-185E20653069}.Debug|Any CPU.ActiveCfg = Debug|Any CPU
		{CF390C5B-809E-4577-B08F-185E20653069}.Debug|Any CPU.Build.0 = Debug|Any CPU
		{CF390C5B-809E-4577-B08F-185E20653069}.Release|Any CPU.ActiveCfg = Release|Any CPU
		{CF390C5B-809E-4577-B08F-185E20653069}.Release|Any CPU.Build.0 = Release|Any CPU
	EndGlobalSection
	GlobalSection(SolutionProperties) = preSolution
		HideSolutionNode = FALSE
	EndGlobalSection
	GlobalSection(ExtensibilityGlobals) = postSolution
		SolutionGuid = {F911AED0-D959-4233-B9D6-D090CB1C4C8E}
	EndGlobalSection
EndGlobal
